
Microsoft Visual Studio Solution File, Format Version 12.00
# Visual Studio 15
VisualStudioVersion = 15.0.26124.0
MinimumVisualStudioVersion = 15.0.26124.0
Project("{FAE04EC0-301F-11D3-BF4B-00C04F79EFBC}") = "BasicRestAPI", "BasicRestAPI.Core\BasicRestAPI.csproj", "{15D27192-ACCF-4972-BF37-FF380C906A65}"
EndProject
Project("{FAE04EC0-301F-11D3-BF4B-00C04F79EFBC}") = "BasicRestAPI.Tests", "BasicRestAPI.Tests\BasicRestAPI.Tests.csproj", "{C09DAE48-094F-42E1-906E-6D96E7403CBC}"
EndProject
Global
	GlobalSection(SolutionConfigurationPlatforms) = preSolution
		Debug|Any CPU = Debug|Any CPU
		Debug|x64 = Debug|x64
		Debug|x86 = Debug|x86
		Release|Any CPU = Release|Any CPU
		Release|x64 = Release|x64
		Release|x86 = Release|x86
	EndGlobalSection
	GlobalSection(SolutionProperties) = preSolution
		HideSolutionNode = FALSE
	EndGlobalSection
	GlobalSection(ProjectConfigurationPlatforms) = postSolution
		{15D27192-ACCF-4972-BF37-FF380C906A65}.Debug|Any CPU.ActiveCfg = Debug|Any CPU
		{15D27192-ACCF-4972-BF37-FF380C906A65}.Debug|Any CPU.Build.0 = Debug|Any CPU
		{15D27192-ACCF-4972-BF37-FF380C906A65}.Debug|x64.ActiveCfg = Debug|Any CPU
		{15D27192-ACCF-4972-BF37-FF380C906A65}.Debug|x64.Build.0 = Debug|Any CPU
		{15D27192-ACCF-4972-BF37-FF380C906A65}.Debug|x86.ActiveCfg = Debug|Any CPU
		{15D27192-ACCF-4972-BF37-FF380C906A65}.Debug|x86.Build.0 = Debug|Any CPU
		{15D27192-ACCF-4972-BF37-FF380C906A65}.Release|Any CPU.ActiveCfg = Release|Any CPU
		{15D27192-ACCF-4972-BF37-FF380C906A65}.Release|Any CPU.Build.0 = Release|Any CPU
		{15D27192-ACCF-4972-BF37-FF380C906A65}.Release|x64.ActiveCfg = Release|Any CPU
		{15D27192-ACCF-4972-BF37-FF380C906A65}.Release|x64.Build.0 = Release|Any CPU
		{15D27192-ACCF-4972-BF37-FF380C906A65}.Release|x86.ActiveCfg = Release|Any CPU
		{15D27192-ACCF-4972-BF37-FF380C906A65}.Release|x86.Build.0 = Release|Any CPU
		{C09DAE48-094F-42E1-906E-6D96E7403CBC}.Debug|Any CPU.ActiveCfg = Debug|Any CPU
		{C09DAE48-094F-42E1-906E-6D96E7403CBC}.Debug|Any CPU.Build.0 = Debug|Any CPU
		{C09DAE48-094F-42E1-906E-6D96E7403CBC}.Debug|x64.ActiveCfg = Debug|Any CPU
		{C09DAE48-094F-42E1-906E-6D96E7403CBC}.Debug|x64.Build.0 = Debug|Any CPU
		{C09DAE48-094F-42E1-906E-6D96E7403CBC}.Debug|x86.ActiveCfg = Debug|Any CPU
		{C09DAE48-094F-42E1-906E-6D96E7403CBC}.Debug|x86.Build.0 = Debug|Any CPU
		{C09DAE48-094F-42E1-906E-6D96E7403CBC}.Release|Any CPU.ActiveCfg = Release|Any CPU
		{C09DAE48-094F-42E1-906E-6D96E7403CBC}.Release|Any CPU.Build.0 = Release|Any CPU
		{C09DAE48-094F-42E1-906E-6D96E7403CBC}.Release|x64.ActiveCfg = Release|Any CPU
		{C09DAE48-094F-42E1-906E-6D96E7403CBC}.Release|x64.Build.0 = Release|Any CPU
		{C09DAE48-094F-42E1-906E-6D96E7403CBC}.Release|x86.ActiveCfg = Release|Any CPU
		{C09DAE48-094F-42E1-906E-6D96E7403CBC}.Release|x86.Build.0 = Release|Any CPU
	EndGlobalSection
EndGlobal
